
Microsoft Visual Studio Solution File, Format Version 12.00
# Visual Studio 15
VisualStudioVersion = 15.0.27428.2027
MinimumVisualStudioVersion = 10.0.40219.1
Project("{2150E333-8FDC-42A3-9474-1A3956D46DE8}") = "src", "src", "{9640A9BF-018D-4F3D-BD16-B82C12F964AB}"
EndProject
Project("{2150E333-8FDC-42A3-9474-1A3956D46DE8}") = "test", "test", "{3A5E5A2F-3687-4CDD-9AB1-734146842685}"
EndProject
Project("{2150E333-8FDC-42A3-9474-1A3956D46DE8}") = "samples", "samples", "{1FB9995A-AE05-48AB-B2B8-48A025FF1110}"
EndProject
Project("{9A19103F-16F7-4668-BE54-9A1E7A4F7556}") = "Taitans.Owin.Security.Aes", "src\Taitans.Owin.Security.Aes\Taitans.Owin.Security.Aes.csproj", "{2BB6D455-9ECB-443E-AE1D-20C2BC103C53}"
EndProject
Project("{9A19103F-16F7-4668-BE54-9A1E7A4F7556}") = "Taitans.Owin.Security.Jwt", "src\Taitans.Owin.Security.Jwt\Taitans.Owin.Security.Jwt.csproj", "{9954A480-4271-4EBD-9FFA-D951CF2A56A4}"
EndProject
Project("{9A19103F-16F7-4668-BE54-9A1E7A4F7556}") = "Taitans.Owin.Security.Jwt.Tests", "test\Taitans.Owin.Security.Jwt.Tests\Taitans.Owin.Security.Jwt.Tests.csproj", "{27FFAC2E-C22F-4D3F-AF59-3550338BFDFA}"
EndProject
Project("{9A19103F-16F7-4668-BE54-9A1E7A4F7556}") = "Taitans.Owin.Security.QQ", "src\Taitans.Owin.Security.QQ\Taitans.Owin.Security.QQ.csproj", "{F15FE86E-2004-4C05-BF80-D0CABD8CEFB5}"
EndProject
Project("{FAE04EC0-301F-11D3-BF4B-00C04F79EFBC}") = "Taitans.Owin.Security.QQ.FrameworkExample", "samples\Taitans.Owin.Security.QQ.FrameworkExample\Taitans.Owin.Security.QQ.FrameworkExample.csproj", "{1C34CB16-2175-4E39-AA1F-A1DFA0E63169}"
EndProject
Global
	GlobalSection(SolutionConfigurationPlatforms) = preSolution
		Debug|Any CPU = Debug|Any CPU
		Release|Any CPU = Release|Any CPU
	EndGlobalSection
	GlobalSection(ProjectConfigurationPlatforms) = postSolution
		{2BB6D455-9ECB-443E-AE1D-20C2BC103C53}.Debug|Any CPU.ActiveCfg = Debug|Any CPU
		{2BB6D455-9ECB-443E-AE1D-20C2BC103C53}.Debug|Any CPU.Build.0 = Debug|Any CPU
		{2BB6D455-9ECB-443E-AE1D-20C2BC103C53}.Release|Any CPU.ActiveCfg = Release|Any CPU
		{2BB6D455-9ECB-443E-AE1D-20C2BC103C53}.Release|Any CPU.Build.0 = Release|Any CPU
		{9954A480-4271-4EBD-9FFA-D951CF2A56A4}.Debug|Any CPU.ActiveCfg = Debug|Any CPU
		{9954A480-4271-4EBD-9FFA-D951CF2A56A4}.Debug|Any CPU.Build.0 = Debug|Any CPU
		{9954A480-4271-4EBD-9FFA-D951CF2A56A4}.Release|Any CPU.ActiveCfg = Release|Any CPU
		{9954A480-4271-4EBD-9FFA-D951CF2A56A4}.Release|Any CPU.Build.0 = Release|Any CPU
		{27FFAC2E-C22F-4D3F-AF59-3550338BFDFA}.Debug|Any CPU.ActiveCfg = Debug|Any CPU
		{27FFAC2E-C22F-4D3F-AF59-3550338BFDFA}.Debug|Any CPU.Build.0 = Debug|Any CPU
		{27FFAC2E-C22F-4D3F-AF59-3550338BFDFA}.Release|Any CPU.ActiveCfg = Release|Any CPU
		{27FFAC2E-C22F-4D3F-AF59-3550338BFDFA}.Release|Any CPU.Build.0 = Release|Any CPU
		{F15FE86E-2004-4C05-BF80-D0CABD8CEFB5}.Debug|Any CPU.ActiveCfg = Debug|Any CPU
		{F15FE86E-2004-4C05-BF80-D0CABD8CEFB5}.Debug|Any CPU.Build.0 = Debug|Any CPU
		{F15FE86E-2004-4C05-BF80-D0CABD8CEFB5}.Release|Any CPU.ActiveCfg = Release|Any CPU
		{F15FE86E-2004-4C05-BF80-D0CABD8CEFB5}.Release|Any CPU.Build.0 = Release|Any CPU
		{1C34CB16-2175-4E39-AA1F-A1DFA0E63169}.Debug|Any CPU.ActiveCfg = Debug|Any CPU
		{1C34CB16-2175-4E39-AA1F-A1DFA0E63169}.Debug|Any CPU.Build.0 = Debug|Any CPU
		{1C34CB16-2175-4E39-AA1F-A1DFA0E63169}.Release|Any CPU.ActiveCfg = Release|Any CPU
		{1C34CB16-2175-4E39-AA1F-A1DFA0E63169}.Release|Any CPU.Build.0 = Release|Any CPU
	EndGlobalSection
	GlobalSection(SolutionProperties) = preSolution
		HideSolutionNode = FALSE
	EndGlobalSection
	GlobalSection(NestedProjects) = preSolution
		{2BB6D455-9ECB-443E-AE1D-20C2BC103C53} = {9640A9BF-018D-4F3D-BD16-B82C12F964AB}
		{9954A480-4271-4EBD-9FFA-D951CF2A56A4} = {9640A9BF-018D-4F3D-BD16-B82C12F964AB}
		{27FFAC2E-C22F-4D3F-AF59-3550338BFDFA} = {3A5E5A2F-3687-4CDD-9AB1-734146842685}
		{F15FE86E-2004-4C05-BF80-D0CABD8CEFB5} = {9640A9BF-018D-4F3D-BD16-B82C12F964AB}
		{1C34CB16-2175-4E39-AA1F-A1DFA0E63169} = {1FB9995A-AE05-48AB-B2B8-48A025FF1110}
	EndGlobalSection
	GlobalSection(ExtensibilityGlobals) = postSolution
		SolutionGuid = {F5A74C99-D395-4DB5-8339-C76F9DD37E25}
	EndGlobalSection
EndGlobal
